[root]
name = "rl-game-3"
version = "0.1.0"
dependencies = [
 "art 0.1.0",
 "components 0.1.0",
 "core 0.1.0",
 "dependencies 0.1.0",
 "event 0.1.0",
 "graphics 0.1.0",
 "log 0.3.6 (registry+https://github.com/rust-lang/crates.io-index)",
 "math 0.1.0",
 "systems 0.1.0",
 "utils 0.1.0",
]

[[package]]
name = "art"
version = "0.1.0"

[[package]]
name = "components"
version = "0.1.0"

[[package]]
name = "core"
version = "0.1.0"

[[package]]
name = "dependencies"
version = "0.1.0"

[[package]]
name = "event"
version = "0.1.0"

[[package]]
name = "graphics"
version = "0.1.0"

[[package]]
name = "log"
version = "0.3.6"
source = "registry+https://github.com/rust-lang/crates.io-index"

[[package]]
name = "math"
version = "0.1.0"

[[package]]
name = "systems"
version = "0.1.0"

[[package]]
name = "utils"
version = "0.1.0"

[metadata]
"checksum log 0.3.6 (registry+https://github.com/rust-lang/crates.io-index)" = "ab83497bf8bf4ed2a74259c1c802351fcd67a65baa86394b6ba73c36f4838054"
